
Microsoft Visual Studio Solution File, Format Version 12.00
# Visual Studio Version 17
VisualStudioVersion = 17.13.35818.85 d17.13
MinimumVisualStudioVersion = 10.0.40219.1
Project("{FAE04EC0-301F-11D3-BF4B-00C04F79EFBC}") = "cybersecurity_chatbot", "cybersecurity_chatbot\cybersecurity_chatbot.csproj", "{17BE837B-558E-4DFA-AF98-0135A2C343AA}"
EndProject
Global
	GlobalSection(SolutionConfigurationPlatforms) = preSolution
		Debug|Any CPU = Debug|Any CPU
		Release|Any CPU = Release|Any CPU
	EndGlobalSection
	GlobalSection(ProjectConfigurationPlatforms) = postSolution
		{17BE837B-558E-4DFA-AF98-0135A2C343AA}.Debug|Any CPU.ActiveCfg = Debug|Any CPU
		{17BE837B-558E-4DFA-AF98-0135A2C343AA}.Debug|Any CPU.Build.0 = Debug|Any CPU
		{17BE837B-558E-4DFA-AF98-0135A2C343AA}.Release|Any CPU.ActiveCfg = Release|Any CPU
		{17BE837B-558E-4DFA-AF98-0135A2C343AA}.Release|Any CPU.Build.0 = Release|Any CPU
	EndGlobalSection
	GlobalSection(SolutionProperties) = preSolution
		HideSolutionNode = FALSE
	EndGlobalSection
	GlobalSection(ExtensibilityGlobals) = postSolution
		SolutionGuid = {49A995AC-2901-4185-9D42-B683AA44C991}
	EndGlobalSection
EndGlobal
